// !$*UTF8*$!
{
	archiveVersion = 1;
	classes = {
	};
	objectVersion = 46;
	objects = {

/* Begin PBXBuildFile section */
		7A7FA9D214FF204000802392 /* UIKit.framework in Frameworks */ = {isa = PBXBuildFile; fileRef = 7A7FA9D114FF204000802392 /* UIKit.framework */; };
		7A7FA9D414FF204000802392 /* Foundation.framework in Frameworks */ = {isa = PBXBuildFile; fileRef = 7A7FA9D314FF204000802392 /* Foundation.framework */; };
		7A7FA9D614FF204000802392 /* CoreGraphics.framework in Frameworks */ = {isa = PBXBuildFile; fileRef = 7A7FA9D514FF204000802392 /* CoreGraphics.framework */; };
		7A7FA9DC14FF204000802392 /* InfoPlist.strings in Resources */ = {isa = PBXBuildFile; fileRef = 7A7FA9DA14FF204000802392 /* InfoPlist.strings */; };
		7A7FA9DE14FF204000802392 /* main.m in Sources */ = {isa = PBXBuildFile; fileRef = 7A7FA9DD14FF204000802392 /* main.m */; };
		7A7FA9E214FF204000802392 /* AppDelegate.m in Sources */ = {isa = PBXBuildFile; fileRef = 7A7FA9E114FF204000802392 /* AppDelegate.m */; };
		7A7FA9EA14FF204000802392 /* SenTestingKit.framework in Frameworks */ = {isa = PBXBuildFile; fileRef = 7A7FA9E914FF204000802392 /* SenTestingKit.framework */; };
		7A7FA9EB14FF204000802392 /* UIKit.framework in Frameworks */ = {isa = PBXBuildFile; fileRef = 7A7FA9D114FF204000802392 /* UIKit.framework */; };
		7A7FA9EC14FF204000802392 /* Foundation.framework in Frameworks */ = {isa = PBXBuildFile; fileRef = 7A7FA9D314FF204000802392 /* Foundation.framework */; };
		7A7FA9F414FF204000802392 /* InfoPlist.strings in Resources */ = {isa = PBXBuildFile; fileRef = 7A7FA9F214FF204000802392 /* InfoPlist.strings */; };
		7A7FA9F714FF204000802392 /* testTests.m in Sources */ = {isa = PBXBuildFile; fileRef = 7A7FA9F614FF204000802392 /* testTests.m */; };
/* End PBXBuildFile section */

/* Begin PBXContainerItemProxy section */
		7A7FA9ED14FF204000802392 /* PBXContainerItemProxy */ = {
			isa = PBXContainerItemProxy;
			containerPortal = 7A7FA9C414FF203F00802392 /* Project object */;
			proxyType = 1;
			remoteGlobalIDString = 7A7FA9CC14FF204000802392;
			remoteInfo = test;
		};
/* End PBXContainerItemProxy section */

/* Begin PBXFileReference section */
		7A7FA9CD14FF204000802392 /* test.app */ = {isa = PBXFileReference; explicitFileType = wrapper.application; includeInIndex = 0; path = test.app; sourceTree = BUILT_PRODUCTS_DIR; };
		7A7FA9D114FF204000802392 /* UIKit.framework */ = {isa = PBXFileReference; lastKnownFileType = wrapper.framework; name = UIKit.framework; path = System/Library/Frameworks/UIKit.framework; sourceTree = SDKROOT; };
		7A7FA9D314FF204000802392 /* Foundation.framework */ = {isa = PBXFileReference; lastKnownFileType = wrapper.framework; name = Foundation.framework; path = System/Library/Frameworks/Foundation.framework; sourceTree = SDKROOT; };
		7A7FA9D514FF204000802392 /* CoreGraphics.framework */ = {isa = PBXFileReference; lastKnownFileType = wrapper.framework; name = CoreGraphics.framework; path = System/Library/Frameworks/CoreGraphics.framework; sourceTree = SDKROOT; };
		7A7FA9D914FF204000802392 /* test-Info.plist */ = {isa = PBXFileReference; path = "test-Info.plist"; sourceTree = "<group>"; };
		7A7FA9DB14FF204000802392 /* en */ = {isa = PBXFileReference; lastKnownFileType = text.plist.strings; name = en; path = en.lproj/InfoPlist.strings; sourceTree = "<group>"; };
		7A7FA9DD14FF204000802392 /* main.m */ = {isa = PBXFileReference; lastKnownFileType = sourcecode.c.objc; path = main.m; sourceTree = "<group>"; };
		7A7FA9DF14FF204000802392 /* test-Prefix.pch */ = {isa = PBXFileReference; path = "test-Prefix.pch"; sourceTree = "<group>"; };
		7A7FA9E014FF204000802392 /* AppDelegate.h */ = {isa = PBXFileReference; path = AppDelegate.h; sourceTree = "<group>"; };
		7A7FA9E114FF204000802392 /* AppDelegate.m */ = {isa = PBXFileReference; lastKnownFileType = sourcecode.c.objc; path = AppDelegate.m; sourceTree = "<group>"; };
		7A7FA9E814FF204000802392 /* testTests.octest */ = {isa = PBXFileReference; explicitFileType = wrapper.cfbundle; includeInIndex = 0; path = testTests.octest; sourceTree = BUILT_PRODUCTS_DIR; };
		7A7FA9E914FF204000802392 /* SenTestingKit.framework */ = {isa = PBXFileReference; lastKnownFileType = wrapper.framework; name = SenTestingKit.framework; path = Library/Frameworks/SenTestingKit.framework; sourceTree = DEVELOPER_DIR; };
		7A7FA9F114FF204000802392 /* testTests-Info.plist */ = {isa = PBXFileReference; path = "testTests-Info.plist"; sourceTree = "<group>"; };
		7A7FA9F314FF204000802392 /* en */ = {isa = PBXFileReference; lastKnownFileType = text.plist.strings; name = en; path = en.lproj/InfoPlist.strings; sourceTree = "<group>"; };
		7A7FA9F514FF204000802392 /* testTests.h */ = {isa = PBXFileReference; path = testTests.h; sourceTree = "<group>"; };
		7A7FA9F614FF204000802392 /* testTests.m */ = {isa = PBXFileReference; lastKnownFileType = sourcecode.c.objc; path = testTests.m; sourceTree = "<group>"; };
/* End PBXFileReference section */

/* Begin PBXFrameworksBuildPhase section */
		7A7FA9CA14FF204000802392 /* Frameworks */ = {
			isa = PBXFrameworksBuildPhase;
			buildActionMask = 2147483647;
			files = (
				7A7FA9D214FF204000802392 /* UIKit.framework in Frameworks */,
				7A7FA9D414FF204000802392 /* Foundation.framework in Frameworks */,
				7A7FA9D614FF204000802392 /* CoreGraphics.framework in Frameworks */,
			);
			runOnlyForDeploymentPostprocessing = 0;
		};
		7A7FA9E414FF204000802392 /* Frameworks */ = {
			isa = PBXFrameworksBuildPhase;
			buildActionMask = 2147483647;
			files = (
				7A7FA9EA14FF204000802392 /* SenTestingKit.framework in Frameworks */,
				7A7FA9EB14FF204000802392 /* UIKit.framework in Frameworks */,
				7A7FA9EC14FF204000802392 /* Foundation.framework in Frameworks */,
			);
			runOnlyForDeploymentPostprocessing = 0;
		};
/* End PBXFrameworksBuildPhase section */

/* Begin PBXGroup section */
		7A7FA9C214FF203F00802392 = {
			isa = PBXGroup;
			children = (
				7A7FA9D714FF204000802392 /* test */,
				7A7FA9EF14FF204000802392 /* testTests */,
				7A7FA9D014FF204000802392 /* Frameworks */,
				7A7FA9CE14FF204000802392 /* Products */,
			);
			sourceTree = "<group>";
		};
		7A7FA9CE14FF204000802392 /* Products */ = {
			isa = PBXGroup;
			children = (
				7A7FA9CD14FF204000802392 /* test.app */,
				7A7FA9E814FF204000802392 /* testTests.octest */,
			);
			name = Products;
			sourceTree = "<group>";
		};
		7A7FA9D014FF204000802392 /* Frameworks */ = {
			isa = PBXGroup;
			children = (
				7A7FA9D114FF204000802392 /* UIKit.framework */,
				7A7FA9D314FF204000802392 /* Foundation.framework */,
				7A7FA9D514FF204000802392 /* CoreGraphics.framework */,
				7A7FA9E914FF204000802392 /* SenTestingKit.framework */,
			);
			name = Frameworks;
			sourceTree = "<group>";
		};
		7A7FA9D714FF204000802392 /* test */ = {
			isa = PBXGroup;
			children = (
				7A7FA9E014FF204000802392 /* AppDelegate.h */,
				7A7FA9E114FF204000802392 /* AppDelegate.m */,
				7A7FA9D814FF204000802392 /* Supporting Files */,
			);
			path = test;
			sourceTree = "<group>";
		};
		7A7FA9D814FF204000802392 /* Supporting Files */ = {
			isa = PBXGroup;
			children = (
				7A7FA9D914FF204000802392 /* test-Info.plist */,
				7A7FA9DA14FF204000802392 /* InfoPlist.strings */,
				7A7FA9DD14FF204000802392 /* main.m */,
				7A7FA9DF14FF204000802392 /* test-Prefix.pch */,
			);
			name = "Supporting Files";
			sourceTree = "<group>";
		};
		7A7FA9EF14FF204000802392 /* testTests */ = {
			isa = PBXGroup;
			children = (
				7A7FA9F514FF204000802392 /* testTests.h */,
				7A7FA9F614FF204000802392 /* testTests.m */,
				7A7FA9F014FF204000802392 /* Supporting Files */,
			);
			path = testTests;
			sourceTree = "<group>";
		};
		7A7FA9F014FF204000802392 /* Supporting Files */ = {
			isa = PBXGroup;
			children = (
				7A7FA9F114FF204000802392 /* testTests-Info.plist */,
				7A7FA9F214FF204000802392 /* InfoPlist.strings */,
			);
			name = "Supporting Files";
			sourceTree = "<group>";
		};
/* End PBXGroup section */

/* Begin PBXNativeTarget section */
		7A7FA9CC14FF204000802392 /* test */ = {
			isa = PBXNativeTarget;
			buildConfigurationList = 7A7FA9FA14FF204000802392 /* Build configuration list for PBXNativeTarget "test" */;
			buildPhases = (
				7A7FA9C914FF204000802392 /* Sources */,
				7A7FA9CA14FF204000802392 /* Frameworks */,
				7A7FA9CB14FF204000802392 /* Resources */,
			);
			buildRules = (
			);
			dependencies = (
			);
			name = test;
			productName = test;
			productReference = 7A7FA9CD14FF204000802392 /* test.app */;
			productType = "com.apple.product-type.application";
		};
		7A7FA9E714FF204000802392 /* testTests */ = {
			isa = PBXNativeTarget;
			buildConfigurationList = 7A7FA9FD14FF204000802392 /* Build configuration list for PBXNativeTarget "testTests" */;
			buildPhases = (
				7A7FA9E314FF204000802392 /* Sources */,
				7A7FA9E414FF204000802392 /* Frameworks */,
				7A7FA9E514FF204000802392 /* Resources */,
				7A7FA9E614FF204000802392 /* ShellScript */,
			);
			buildRules = (
			);
			dependencies = (
				7A7FA9EE14FF204000802392 /* PBXTargetDependency */,
			);
			name = testTests;
			productName = testTests;
			productReference = 7A7FA9E814FF204000802392 /* testTests.octest */;
			productType = "com.apple.product-type.bundle";
		};
/* End PBXNativeTarget section */

/* Begin PBXProject section */
		7A7FA9C414FF203F00802392 /* Project object */ = {
			isa = PBXProject;
			attributes = {
				LastUpgradeCheck = 0420;
				ORGANIZATIONNAME = carryquote;
			};
			buildConfigurationList = 7A7FA9C714FF203F00802392 /* Build configuration list for PBXProject "test" */;
			compatibilityVersion = "Xcode 3.2";
			developmentRegion = English;
			hasScannedForEncodings = 0;
			knownRegions = (
				en,
			);
			mainGroup = 7A7FA9C214FF203F00802392;
			productRefGroup = 7A7FA9CE14FF204000802392 /* Products */;
			projectDirPath = "";
			projectRoot = "";
			targets = (
				7A7FA9CC14FF204000802392 /* test */,
				7A7FA9E714FF204000802392 /* testTests */,
			);
		};
/* End PBXProject section */

/* Begin PBXResourcesBuildPhase section */
		7A7FA9CB14FF204000802392 /* Resources */ = {
			isa = PBXResourcesBuildPhase;
			buildActionMask = 2147483647;
			files = (
				7A7FA9DC14FF204000802392 /* InfoPlist.strings in Resources */,
			);
			runOnlyForDeploymentPostprocessing = 0;
		};
		7A7FA9E514FF204000802392 /* Resources */ = {
			isa = PBXResourcesBuildPhase;
			buildActionMask = 2147483647;
			files = (
				7A7FA9F414FF204000802392 /* InfoPlist.strings in Resources */,
			);
			runOnlyForDeploymentPostprocessing = 0;
		};
/* End PBXResourcesBuildPhase section */

/* Begin PBXShellScriptBuildPhase section */
		7A7FA9E614FF204000802392 /* ShellScript */ = {
			isa = PBXShellScriptBuildPhase;
			buildActionMask = 2147483647;
			files = (
			);
			inputPaths = (
			);
			outputPaths = (
			);
			runOnlyForDeploymentPostprocessing = 0;
			shellPath = /bin/sh;
			shellScript = "# Run the unit tests in this test bundle.\n\"${SYSTEM_DEVELOPER_DIR}/Tools/RunUnitTests\"\n";
		};
/* End PBXShellScriptBuildPhase section */

/* Begin PBXSourcesBuildPhase section */
		7A7FA9C914FF204000802392 /* Sources */ = {
			isa = PBXSourcesBuildPhase;
			buildActionMask = 2147483647;
			files = (
				7A7FA9DE14FF204000802392 /* main.m in Sources */,
				7A7FA9E214FF204000802392 /* AppDelegate.m in Sources */,
			);
			runOnlyForDeploymentPostprocessing = 0;
		};
		7A7FA9E314FF204000802392 /* Sources */ = {
			isa = PBXSourcesBuildPhase;
			buildActionMask = 2147483647;
			files = (
				7A7FA9F714FF204000802392 /* testTests.m in Sources */,
			);
			runOnlyForDeploymentPostprocessing = 0;
		};
/* End PBXSourcesBuildPhase section */

/* Begin PBXTargetDependency section */
		7A7FA9EE14FF204000802392 /* PBXTargetDependency */ = {
			isa = PBXTargetDependency;
			target = 7A7FA9CC14FF204000802392 /* test */;
			targetProxy = 7A7FA9ED14FF204000802392 /* PBXContainerItemProxy */;
		};
/* End PBXTargetDependency section */

/* Begin PBXVariantGroup section */
		7A7FA9DA14FF204000802392 /* InfoPlist.strings */ = {
			isa = PBXVariantGroup;
			children = (
				7A7FA9DB14FF204000802392 /* en */,
			);
			name = InfoPlist.strings;
			sourceTree = "<group>";
		};
		7A7FA9F214FF204000802392 /* InfoPlist.strings */ = {
			isa = PBXVariantGroup;
			children = (
				7A7FA9F314FF204000802392 /* en */,
			);
			name = InfoPlist.strings;
			sourceTree = "<group>";
		};
/* End PBXVariantGroup section */

/* Begin XCBuildConfiguration section */
		7A7FA9F814FF204000802392 /* Debug */ = {
			isa = XCBuildConfiguration;
			buildSettings = {
				ALWAYS_SEARCH_USER_PATHS = NO;
				ARCHS = "$(ARCHS_STANDARD_32_BIT)";
				CLANG_ENABLE_OBJC_ARC = YES;
				"CODE_SIGN_IDENTITY[sdk=iphoneos*]" = "iPhone Developer";
				COPY_PHASE_STRIP = NO;
				GCC_C_LANGUAGE_STANDARD = gnu99;
				GCC_DYNAMIC_NO_PIC = NO;
				GCC_OPTIMIZATION_LEVEL = 0;
				GCC_PREPROCESSOR_DEFINITIONS = (
					"DEBUG=1",
					"$(inherited)",
				);
				GCC_SYMBOLS_PRIVATE_EXTERN = NO;
				GCC_VERSION = com.apple.compilers.llvm.clang.1_0;
				GCC_WARN_ABOUT_MISSING_PROTOTYPES = YES;
				GCC_WARN_ABOUT_RETURN_TYPE = YES;
				GCC_WARN_UNUSED_VARIABLE = YES;
				IPHONEOS_DEPLOYMENT_TARGET = 5.0;
				SDKROOT = iphoneos;
				TARGETED_DEVICE_FAMILY = "1,2";
			};
			name = Debug;
		};
		7A7FA9F914FF204000802392 /* Release */ = {
			isa = XCBuildConfiguration;
			buildSettings = {
				ALWAYS_SEARCH_USER_PATHS = NO;
				ARCHS = "$(ARCHS_STANDARD_32_BIT)";
				CLANG_ENABLE_OBJC_ARC = YES;
				"CODE_SIGN_IDENTITY[sdk=iphoneos*]" = "iPhone Developer";
				COPY_PHASE_STRIP = YES;
				GCC_C_LANGUAGE_STANDARD = gnu99;
				GCC_VERSION = com.apple.compilers.llvm.clang.1_0;
				GCC_WARN_ABOUT_MISSING_PROTOTYPES = YES;
				GCC_WARN_ABOUT_RETURN_TYPE = YES;
				GCC_WARN_UNUSED_VARIABLE = YES;
				IPHONEOS_DEPLOYMENT_TARGET = 5.0;
				OTHER_CFLAGS = "-DNS_BLOCK_ASSERTIONS=1";
				SDKROOT = iphoneos;
				TARGETED_DEVICE_FAMILY = "1,2";
				VALIDATE_PRODUCT = YES;
			};
			name = Release;
		};
		7A7FA9FB14FF204000802392 /* Debug */ = {
			isa = XCBuildConfiguration;
			buildSettings = {
				GCC_PRECOMPILE_PREFIX_HEADER = YES;
				GCC_PREFIX_HEADER = "test/test-Prefix.pch";
				INFOPLIST_FILE = "test/test-Info.plist";
				PRODUCT_NAME = "$(TARGET_NAME)";
				WRAPPER_EXTENSION = app;
			};
			name = Debug;
		};
		7A7FA9FC14FF204000802392 /* Release */ = {
			isa = XCBuildConfiguration;
			buildSettings = {
				GCC_PRECOMPILE_PREFIX_HEADER = YES;
				GCC_PREFIX_HEADER = "test/test-Prefix.pch";
				INFOPLIST_FILE = "test/test-Info.plist";
				PRODUCT_NAME = "$(TARGET_NAME)";
				WRAPPER_EXTENSION = app;
			};
			name = Release;
		};
		7A7FA9FE14FF204000802392 /* Debug */ = {
			isa = XCBuildConfiguration;
			buildSettings = {
				BUNDLE_LOADER = "$(BUILT_PRODUCTS_DIR)/test.app/test";
				FRAMEWORK_SEARCH_PATHS = (
					"$(SDKROOT)/Developer/Library/Frameworks",
					"$(DEVELOPER_LIBRARY_DIR)/Frameworks",
				);
				GCC_PRECOMPILE_PREFIX_HEADER = YES;
				GCC_PREFIX_HEADER = "test/test-Prefix.pch";
				INFOPLIST_FILE = "testTests/testTests-Info.plist";
				PRODUCT_NAME = "$(TARGET_NAME)";
				TEST_HOST = "$(BUNDLE_LOADER)";
				WRAPPER_EXTENSION = octest;
			};
			name = Debug;
		};
		7A7FA9FF14FF204000802392 /* Release */ = {
			isa = XCBuildConfiguration;
			buildSettings = {
				BUNDLE_LOADER = "$(BUILT_PRODUCTS_DIR)/test.app/test";
				FRAMEWORK_SEARCH_PATHS = (
					"$(SDKROOT)/Developer/Library/Frameworks",
					"$(DEVELOPER_LIBRARY_DIR)/Frameworks",
				);
				GCC_PRECOMPILE_PREFIX_HEADER = YES;
				GCC_PREFIX_HEADER = "test/test-Prefix.pch";
				INFOPLIST_FILE = "testTests/testTests-Info.plist";
				PRODUCT_NAME = "$(TARGET_NAME)";
				TEST_HOST = "$(BUNDLE_LOADER)";
				WRAPPER_EXTENSION = octest;
			};
			name = Release;
		};
/* End XCBuildConfiguration section */

/* Begin XCConfigurationList section */
		7A7FA9C714FF203F00802392 /* Build configuration list for PBXProject "test" */ = {
			isa = XCConfigurationList;
			buildConfigurations = (
				7A7FA9F814FF204000802392 /* Debug */,
				7A7FA9F914FF204000802392 /* Release */,
			);
			defaultConfigurationIsVisible = 0;
			defaultConfigurationName = Release;
		};
		7A7FA9FA14FF204000802392 /* Build configuration list for PBXNativeTarget "test" */ = {
			isa = XCConfigurationList;
			buildConfigurations = (
				7A7FA9FB14FF204000802392 /* Debug */,
				7A7FA9FC14FF204000802392 /* Release */,
			);
			defaultConfigurationIsVisible = 0;
		};
		7A7FA9FD14FF204000802392 /* Build configuration list for PBXNativeTarget "testTests" */ = {
			isa = XCConfigurationList;
			buildConfigurations = (
				7A7FA9FE14FF204000802392 /* Debug */,
				7A7FA9FF14FF204000802392 /* Release */,
			);
			defaultConfigurationIsVisible = 0;
		};
/* End XCConfigurationList section */
	};
	rootObject = 7A7FA9C414FF203F00802392 /* Project object */;
}
